
Microsoft Visual Studio Solution File, Format Version 12.00
# Visual Studio Version 17
VisualStudioVersion = 17.14.36121.58 d17.14
MinimumVisualStudioVersion = 10.0.40219.1
Project("{54A90642-561A-4BB1-A94E-469ADEE60C69}") = "ballotbarrage2025", "ballotbarrage2025.esproj", "{3414A3D9-4C8A-2034-9BE3-C8C8E8864B5C}"
EndProject
Global
	GlobalSection(SolutionConfigurationPlatforms) = preSolution
		Debug|Any CPU = Debug|Any CPU
		Release|Any CPU = Release|Any CPU
	EndGlobalSection
	GlobalSection(ProjectConfigurationPlatforms) = postSolution
		{3414A3D9-4C8A-2034-9BE3-C8C8E8864B5C}.Debug|Any CPU.ActiveCfg = Debug|Any CPU
		{3414A3D9-4C8A-2034-9BE3-C8C8E8864B5C}.Debug|Any CPU.Build.0 = Debug|Any CPU
		{3414A3D9-4C8A-2034-9BE3-C8C8E8864B5C}.Debug|Any CPU.Deploy.0 = Debug|Any CPU
		{3414A3D9-4C8A-2034-9BE3-C8C8E8864B5C}.Release|Any CPU.ActiveCfg = Release|Any CPU
		{3414A3D9-4C8A-2034-9BE3-C8C8E8864B5C}.Release|Any CPU.Build.0 = Release|Any CPU
		{3414A3D9-4C8A-2034-9BE3-C8C8E8864B5C}.Release|Any CPU.Deploy.0 = Release|Any CPU
	EndGlobalSection
	GlobalSection(SolutionProperties) = preSolution
		HideSolutionNode = FALSE
	EndGlobalSection
	GlobalSection(ExtensibilityGlobals) = postSolution
		SolutionGuid = {29F29EB6-8509-4BDF-9B60-416BB79A8F61}
	EndGlobalSection
EndGlobal
